
Microsoft Visual Studio Solution File, Format Version 11.00
# Visual Studio 2010
Project("{FAE04EC0-301F-11D3-BF4B-00C04F79EFBC}") = "soc_nds_csharp", "soc_nds_csharp\soc_nds_csharp.csproj", "{91529F3E-8410-430B-B61A-565536187D5F}"
EndProject
Global
	GlobalSection(SolutionConfigurationPlatforms) = preSolution
		Debug|x86 = Debug|x86
		Release|x86 = Release|x86
	EndGlobalSection
	GlobalSection(ProjectConfigurationPlatforms) = postSolution
		{91529F3E-8410-430B-B61A-565536187D5F}.Debug|x86.ActiveCfg = Debug|x86
		{91529F3E-8410-430B-B61A-565536187D5F}.Debug|x86.Build.0 = Debug|x86
		{91529F3E-8410-430B-B61A-565536187D5F}.Release|x86.ActiveCfg = Release|x86
		{91529F3E-8410-430B-B61A-565536187D5F}.Release|x86.Build.0 = Release|x86
	EndGlobalSection
	GlobalSection(SolutionProperties) = preSolution
		HideSolutionNode = FALSE
	EndGlobalSection
EndGlobal
