
Microsoft Visual Studio Solution File, Format Version 11.00
# Visual Studio 2010
Project("{FAE04EC0-301F-11D3-BF4B-00C04F79EFBC}") = "soc_nds_csharp", "soc_nds_csharp\soc_nds_csharp.csproj", "{91529F3E-8410-430B-B61A-565536187D5F}"
EndProject
Project("{FAE04EC0-301F-11D3-BF4B-00C04F79EFBC}") = "soc_protocol", "soc_protocol\soc_protocol.csproj", "{4F03436A-4680-46A5-ABDF-F63E33E62828}"
EndProject
Project("{FAE04EC0-301F-11D3-BF4B-00C04F79EFBC}") = "HDIC", "HDIC\HDIC.csproj", "{7F5FC95C-F12E-4B9B-8FFC-A285D9C430FF}"
EndProject
Project("{FAE04EC0-301F-11D3-BF4B-00C04F79EFBC}") = "barcode_scanner", "barcode_scanner\barcode_scanner.csproj", "{713C9F30-DD28-4337-A58E-326A23B4EFD6}"
EndProject
Global
	GlobalSection(SolutionConfigurationPlatforms) = preSolution
		Debug|Any CPU = Debug|Any CPU
		Debug|Mixed Platforms = Debug|Mixed Platforms
		Debug|x86 = Debug|x86
		Release|Any CPU = Release|Any CPU
		Release|Mixed Platforms = Release|Mixed Platforms
		Release|x86 = Release|x86
	EndGlobalSection
	GlobalSection(ProjectConfigurationPlatforms) = postSolution
		{91529F3E-8410-430B-B61A-565536187D5F}.Debug|Any CPU.ActiveCfg = Debug|x86
		{91529F3E-8410-430B-B61A-565536187D5F}.Debug|Mixed Platforms.ActiveCfg = Debug|x86
		{91529F3E-8410-430B-B61A-565536187D5F}.Debug|Mixed Platforms.Build.0 = Debug|x86
		{91529F3E-8410-430B-B61A-565536187D5F}.Debug|x86.ActiveCfg = Debug|x86
		{91529F3E-8410-430B-B61A-565536187D5F}.Debug|x86.Build.0 = Debug|x86
		{91529F3E-8410-430B-B61A-565536187D5F}.Release|Any CPU.ActiveCfg = Release|x86
		{91529F3E-8410-430B-B61A-565536187D5F}.Release|Mixed Platforms.ActiveCfg = Release|x86
		{91529F3E-8410-430B-B61A-565536187D5F}.Release|Mixed Platforms.Build.0 = Release|x86
		{91529F3E-8410-430B-B61A-565536187D5F}.Release|x86.ActiveCfg = Release|x86
		{91529F3E-8410-430B-B61A-565536187D5F}.Release|x86.Build.0 = Release|x86
		{4F03436A-4680-46A5-ABDF-F63E33E62828}.Debug|Any CPU.ActiveCfg = Debug|Any CPU
		{4F03436A-4680-46A5-ABDF-F63E33E62828}.Debug|Any CPU.Build.0 = Debug|Any CPU
		{4F03436A-4680-46A5-ABDF-F63E33E62828}.Debug|Mixed Platforms.ActiveCfg = Debug|Any CPU
		{4F03436A-4680-46A5-ABDF-F63E33E62828}.Debug|Mixed Platforms.Build.0 = Debug|Any CPU
		{4F03436A-4680-46A5-ABDF-F63E33E62828}.Debug|x86.ActiveCfg = Debug|Any CPU
		{4F03436A-4680-46A5-ABDF-F63E33E62828}.Release|Any CPU.ActiveCfg = Release|Any CPU
		{4F03436A-4680-46A5-ABDF-F63E33E62828}.Release|Any CPU.Build.0 = Release|Any CPU
		{4F03436A-4680-46A5-ABDF-F63E33E62828}.Release|Mixed Platforms.ActiveCfg = Release|Any CPU
		{4F03436A-4680-46A5-ABDF-F63E33E62828}.Release|Mixed Platforms.Build.0 = Release|Any CPU
		{4F03436A-4680-46A5-ABDF-F63E33E62828}.Release|x86.ActiveCfg = Release|Any CPU
		{7F5FC95C-F12E-4B9B-8FFC-A285D9C430FF}.Debug|Any CPU.ActiveCfg = Debug|Any CPU
		{7F5FC95C-F12E-4B9B-8FFC-A285D9C430FF}.Debug|Any CPU.Build.0 = Debug|Any CPU
		{7F5FC95C-F12E-4B9B-8FFC-A285D9C430FF}.Debug|Mixed Platforms.ActiveCfg = Debug|Any CPU
		{7F5FC95C-F12E-4B9B-8FFC-A285D9C430FF}.Debug|Mixed Platforms.Build.0 = Debug|Any CPU
		{7F5FC95C-F12E-4B9B-8FFC-A285D9C430FF}.Debug|x86.ActiveCfg = Debug|Any CPU
		{7F5FC95C-F12E-4B9B-8FFC-A285D9C430FF}.Release|Any CPU.ActiveCfg = Release|Any CPU
		{7F5FC95C-F12E-4B9B-8FFC-A285D9C430FF}.Release|Any CPU.Build.0 = Release|Any CPU
		{7F5FC95C-F12E-4B9B-8FFC-A285D9C430FF}.Release|Mixed Platforms.ActiveCfg = Release|Any CPU
		{7F5FC95C-F12E-4B9B-8FFC-A285D9C430FF}.Release|Mixed Platforms.Build.0 = Release|Any CPU
		{7F5FC95C-F12E-4B9B-8FFC-A285D9C430FF}.Release|x86.ActiveCfg = Release|Any CPU
		{713C9F30-DD28-4337-A58E-326A23B4EFD6}.Debug|Any CPU.ActiveCfg = Debug|Any CPU
		{713C9F30-DD28-4337-A58E-326A23B4EFD6}.Debug|Any CPU.Build.0 = Debug|Any CPU
		{713C9F30-DD28-4337-A58E-326A23B4EFD6}.Debug|Mixed Platforms.ActiveCfg = Debug|Any CPU
		{713C9F30-DD28-4337-A58E-326A23B4EFD6}.Debug|Mixed Platforms.Build.0 = Debug|Any CPU
		{713C9F30-DD28-4337-A58E-326A23B4EFD6}.Debug|x86.ActiveCfg = Debug|Any CPU
		{713C9F30-DD28-4337-A58E-326A23B4EFD6}.Release|Any CPU.ActiveCfg = Release|Any CPU
		{713C9F30-DD28-4337-A58E-326A23B4EFD6}.Release|Any CPU.Build.0 = Release|Any CPU
		{713C9F30-DD28-4337-A58E-326A23B4EFD6}.Release|Mixed Platforms.ActiveCfg = Release|Any CPU
		{713C9F30-DD28-4337-A58E-326A23B4EFD6}.Release|Mixed Platforms.Build.0 = Release|Any CPU
		{713C9F30-DD28-4337-A58E-326A23B4EFD6}.Release|x86.ActiveCfg = Release|Any CPU
	EndGlobalSection
	GlobalSection(SolutionProperties) = preSolution
		HideSolutionNode = FALSE
	EndGlobalSection
EndGlobal
